
Microsoft Visual Studio Solution File, Format Version 12.00
# Visual Studio Version 16
VisualStudioVersion = 16.0.32002.261
MinimumVisualStudioVersion = 10.0.40219.1
Project("{FAE04EC0-301F-11D3-BF4B-00C04F79EFBC}") = "AppLifecycleTutorial.Android", "AppLifecycleTutorial\AppLifecycleTutorial.Android\AppLifecycleTutorial.Android.csproj", "{3E09DEE4-7FC3-4E5C-A0D2-3093D807B00F}"
EndProject
Project("{FAE04EC0-301F-11D3-BF4B-00C04F79EFBC}") = "AppLifecycleTutorial.iOS", "AppLifecycleTutorial\AppLifecycleTutorial.iOS\AppLifecycleTutorial.iOS.csproj", "{7CB6331E-2E05-4607-A187-3F65CD840BC9}"
EndProject
Project("{FAE04EC0-301F-11D3-BF4B-00C04F79EFBC}") = "AppLifecycleTutorial", "AppLifecycleTutorial\AppLifecycleTutorial\AppLifecycleTutorial.csproj", "{162B5285-CABF-4E56-AD71-2C390092871F}"
EndProject
Global
	GlobalSection(SolutionConfigurationPlatforms) = preSolution
		Debug|Any CPU = Debug|Any CPU
		Debug|iPhone = Debug|iPhone
		Debug|iPhoneSimulator = Debug|iPhoneSimulator
		Release|Any CPU = Release|Any CPU
		Release|iPhone = Release|iPhone
		Release|iPhoneSimulator = Release|iPhoneSimulator
	EndGlobalSection
	GlobalSection(ProjectConfigurationPlatforms) = postSolution
		{3E09DEE4-7FC3-4E5C-A0D2-3093D807B00F}.Debug|Any CPU.ActiveCfg = Debug|Any CPU
		{3E09DEE4-7FC3-4E5C-A0D2-3093D807B00F}.Debug|Any CPU.Build.0 = Debug|Any CPU
		{3E09DEE4-7FC3-4E5C-A0D2-3093D807B00F}.Debug|Any CPU.Deploy.0 = Debug|Any CPU
		{3E09DEE4-7FC3-4E5C-A0D2-3093D807B00F}.Debug|iPhone.ActiveCfg = Debug|Any CPU
		{3E09DEE4-7FC3-4E5C-A0D2-3093D807B00F}.Debug|iPhone.Build.0 = Debug|Any CPU
		{3E09DEE4-7FC3-4E5C-A0D2-3093D807B00F}.Debug|iPhone.Deploy.0 = Debug|Any CPU
		{3E09DEE4-7FC3-4E5C-A0D2-3093D807B00F}.Debug|iPhoneSimulator.ActiveCfg = Debug|Any CPU
		{3E09DEE4-7FC3-4E5C-A0D2-3093D807B00F}.Debug|iPhoneSimulator.Build.0 = Debug|Any CPU
		{3E09DEE4-7FC3-4E5C-A0D2-3093D807B00F}.Debug|iPhoneSimulator.Deploy.0 = Debug|Any CPU
		{3E09DEE4-7FC3-4E5C-A0D2-3093D807B00F}.Release|Any CPU.ActiveCfg = Release|Any CPU
		{3E09DEE4-7FC3-4E5C-A0D2-3093D807B00F}.Release|Any CPU.Build.0 = Release|Any CPU
		{3E09DEE4-7FC3-4E5C-A0D2-3093D807B00F}.Release|Any CPU.Deploy.0 = Release|Any CPU
		{3E09DEE4-7FC3-4E5C-A0D2-3093D807B00F}.Release|iPhone.ActiveCfg = Release|Any CPU
		{3E09DEE4-7FC3-4E5C-A0D2-3093D807B00F}.Release|iPhone.Build.0 = Release|Any CPU
		{3E09DEE4-7FC3-4E5C-A0D2-3093D807B00F}.Release|iPhone.Deploy.0 = Release|Any CPU
		{3E09DEE4-7FC3-4E5C-A0D2-3093D807B00F}.Release|iPhoneSimulator.ActiveCfg = Release|Any CPU
		{3E09DEE4-7FC3-4E5C-A0D2-3093D807B00F}.Release|iPhoneSimulator.Build.0 = Release|Any CPU
		{3E09DEE4-7FC3-4E5C-A0D2-3093D807B00F}.Release|iPhoneSimulator.Deploy.0 = Release|Any CPU
		{7CB6331E-2E05-4607-A187-3F65CD840BC9}.Debug|Any CPU.ActiveCfg = Debug|iPhone
		{7CB6331E-2E05-4607-A187-3F65CD840BC9}.Debug|Any CPU.Build.0 = Debug|iPhone
		{7CB6331E-2E05-4607-A187-3F65CD840BC9}.Debug|Any CPU.Deploy.0 = Debug|iPhone
		{7CB6331E-2E05-4607-A187-3F65CD840BC9}.Debug|iPhone.ActiveCfg = Debug|iPhone
		{7CB6331E-2E05-4607-A187-3F65CD840BC9}.Debug|iPhone.Build.0 = Debug|iPhone
		{7CB6331E-2E05-4607-A187-3F65CD840BC9}.Debug|iPhone.Deploy.0 = Debug|iPhone
		{7CB6331E-2E05-4607-A187-3F65CD840BC9}.Debug|iPhoneSimulator.ActiveCfg = Debug|iPhoneSimulator
		{7CB6331E-2E05-4607-A187-3F65CD840BC9}.Debug|iPhoneSimulator.Build.0 = Debug|iPhoneSimulator
		{7CB6331E-2E05-4607-A187-3F65CD840BC9}.Debug|iPhoneSimulator.Deploy.0 = Debug|iPhoneSimulator
		{7CB6331E-2E05-4607-A187-3F65CD840BC9}.Release|Any CPU.ActiveCfg = Release|iPhoneSimulator
		{7CB6331E-2E05-4607-A187-3F65CD840BC9}.Release|Any CPU.Build.0 = Release|iPhoneSimulator
		{7CB6331E-2E05-4607-A187-3F65CD840BC9}.Release|Any CPU.Deploy.0 = Release|iPhoneSimulator
		{7CB6331E-2E05-4607-A187-3F65CD840BC9}.Release|iPhone.ActiveCfg = Release|iPhone
		{7CB6331E-2E05-4607-A187-3F65CD840BC9}.Release|iPhone.Build.0 = Release|iPhone
		{7CB6331E-2E05-4607-A187-3F65CD840BC9}.Release|iPhone.Deploy.0 = Release|iPhone
		{7CB6331E-2E05-4607-A187-3F65CD840BC9}.Release|iPhoneSimulator.ActiveCfg = Release|iPhoneSimulator
		{7CB6331E-2E05-4607-A187-3F65CD840BC9}.Release|iPhoneSimulator.Build.0 = Release|iPhoneSimulator
		{7CB6331E-2E05-4607-A187-3F65CD840BC9}.Release|iPhoneSimulator.Deploy.0 = Release|iPhoneSimulator
		{162B5285-CABF-4E56-AD71-2C390092871F}.Debug|Any CPU.ActiveCfg = Debug|Any CPU
		{162B5285-CABF-4E56-AD71-2C390092871F}.Debug|Any CPU.Build.0 = Debug|Any CPU
		{162B5285-CABF-4E56-AD71-2C390092871F}.Debug|Any CPU.Deploy.0 = Debug|Any CPU
		{162B5285-CABF-4E56-AD71-2C390092871F}.Debug|iPhone.ActiveCfg = Debug|Any CPU
		{162B5285-CABF-4E56-AD71-2C390092871F}.Debug|iPhone.Build.0 = Debug|Any CPU
		{162B5285-CABF-4E56-AD71-2C390092871F}.Debug|iPhone.Deploy.0 = Debug|Any CPU
		{162B5285-CABF-4E56-AD71-2C390092871F}.Debug|iPhoneSimulator.ActiveCfg = Debug|Any CPU
		{162B5285-CABF-4E56-AD71-2C390092871F}.Debug|iPhoneSimulator.Build.0 = Debug|Any CPU
		{162B5285-CABF-4E56-AD71-2C390092871F}.Debug|iPhoneSimulator.Deploy.0 = Debug|Any CPU
		{162B5285-CABF-4E56-AD71-2C390092871F}.Release|Any CPU.ActiveCfg = Release|Any CPU
		{162B5285-CABF-4E56-AD71-2C390092871F}.Release|Any CPU.Build.0 = Release|Any CPU
		{162B5285-CABF-4E56-AD71-2C390092871F}.Release|Any CPU.Deploy.0 = Release|Any CPU
		{162B5285-CABF-4E56-AD71-2C390092871F}.Release|iPhone.ActiveCfg = Release|Any CPU
		{162B5285-CABF-4E56-AD71-2C390092871F}.Release|iPhone.Build.0 = Release|Any CPU
		{162B5285-CABF-4E56-AD71-2C390092871F}.Release|iPhone.Deploy.0 = Release|Any CPU
		{162B5285-CABF-4E56-AD71-2C390092871F}.Release|iPhoneSimulator.ActiveCfg = Release|Any CPU
		{162B5285-CABF-4E56-AD71-2C390092871F}.Release|iPhoneSimulator.Build.0 = Release|Any CPU
		{162B5285-CABF-4E56-AD71-2C390092871F}.Release|iPhoneSimulator.Deploy.0 = Release|Any CPU
	EndGlobalSection
	GlobalSection(SolutionProperties) = preSolution
		HideSolutionNode = FALSE
	EndGlobalSection
	GlobalSection(ExtensibilityGlobals) = postSolution
		SolutionGuid = {4030B379-B7C0-4854-9C25-170915EA1655}
	EndGlobalSection
EndGlobal
